{
  "nodes": {
    "flake-compat": {
      "locked": {
        "lastModified": 1747046372,
        "narHash": "sha256-CIVLLkVgvHYbgI2UpXvIIBJ12HWgX+fjA8Xf8PUmqCY=",
        "owner": "edolstra",
        "repo": "flake-compat",
        "rev": "9100a0f413b0c601e0533d1d94ffd501ce2e7885",
        "type": "github"
      },
      "original": {
        "owner": "edolstra",
        "repo": "flake-compat",
        "type": "github"
      }
    },
    "flake-parts": {
      "inputs": {
        "nixpkgs-lib": "nixpkgs-lib"
      },
      "locked": {
        "lastModified": 1749398372,
        "narHash": "sha256-tYBdgS56eXYaWVW3fsnPQ/nFlgWi/Z2Ymhyu21zVM98=",
        "owner": "hercules-ci",
        "repo": "flake-parts",
        "rev": "9305fe4e5c2a6fcf5ba6a3ff155720fbe4076569",
        "type": "github"
      },
      "original": {
        "owner": "hercules-ci",
        "repo": "flake-parts",
        "type": "github"
      }
    },
    "flake-parts_2": {
      "inputs": {
        "nixpkgs-lib": [
          "nixvim-config",
          "nixvim",
          "nixpkgs"
        ]
      },
      "locked": {
        "lastModified": 1749398372,
        "narHash": "sha256-tYBdgS56eXYaWVW3fsnPQ/nFlgWi/Z2Ymhyu21zVM98=",
        "owner": "hercules-ci",
        "repo": "flake-parts",
        "rev": "9305fe4e5c2a6fcf5ba6a3ff155720fbe4076569",
        "type": "github"
      },
      "original": {
        "owner": "hercules-ci",
        "repo": "flake-parts",
        "type": "github"
      }
    },
    "flake-utils": {
      "inputs": {
        "systems": "systems"
      },
      "locked": {
        "lastModified": 1731533236,
        "narHash": "sha256-l0KFg5HjrsfsO/JpG+r7fRrqm12kzFHyUHqHCVpMMbI=",
        "owner": "numtide",
        "repo": "flake-utils",
        "rev": "11707dc2f618dd54ca8739b309ec4fc024de578b",
        "type": "github"
      },
      "original": {
        "owner": "numtide",
        "repo": "flake-utils",
        "type": "github"
      }
    },
    "godot-bin": {
      "inputs": {
        "godot-desktop-file": "godot-desktop-file",
        "godot-icon-png": "godot-icon-png",
        "godot-icon-svg": "godot-icon-svg",
        "godot-manpage": "godot-manpage",
        "nixpkgs": [
          "nixpkgs"
        ]
      },
      "locked": {
        "lastModified": 1730477658,
        "narHash": "sha256-0AvwOUAMMpgn6ul8bUXUTZMjfCa0fxeak5fFXZrzsg8=",
        "owner": "Damianu",
        "repo": "godot4-bin",
        "rev": "dc91c49a1da64883e5666792abb939eb758a1c43",
        "type": "github"
      },
      "original": {
        "owner": "Damianu",
        "repo": "godot4-bin",
        "type": "github"
      }
    },
    "godot-desktop-file": {
      "flake": false,
      "locked": {
        "narHash": "sha256-vFVYuHYKIcr/ngibwV9G2bsxzG3YWS9Mm4WjKaAUcbM=",
        "type": "file",
        "url": "https://raw.githubusercontent.com/godotengine/godot/1a2e0b22b6278cef95a528e9101a53f4cb93b548/misc/dist/linux/org.godotengine.Godot.desktop"
      },
      "original": {
        "type": "file",
        "url": "https://raw.githubusercontent.com/godotengine/godot/1a2e0b22b6278cef95a528e9101a53f4cb93b548/misc/dist/linux/org.godotengine.Godot.desktop"
      }
    },
    "godot-icon-png": {
      "flake": false,
      "locked": {
        "narHash": "sha256-Y4Y2RpEiZOBJEEtgJZVHDJ+GUgN2fn9VPP+oZWQZMr0=",
        "type": "file",
        "url": "https://raw.githubusercontent.com/godotengine/godot/1a2e0b22b6278cef95a528e9101a53f4cb93b548/icon.png"
      },
      "original": {
        "type": "file",
        "url": "https://raw.githubusercontent.com/godotengine/godot/1a2e0b22b6278cef95a528e9101a53f4cb93b548/icon.png"
      }
    },
    "godot-icon-svg": {
      "flake": false,
      "locked": {
        "narHash": "sha256-uvq7FvWNIjEJHHwhcPl/q8y0I5vHdqpKnZA2WDzmzAc=",
        "type": "file",
        "url": "https://raw.githubusercontent.com/godotengine/godot/1a2e0b22b6278cef95a528e9101a53f4cb93b548/icon.svg"
      },
      "original": {
        "type": "file",
        "url": "https://raw.githubusercontent.com/godotengine/godot/1a2e0b22b6278cef95a528e9101a53f4cb93b548/icon.svg"
      }
    },
    "godot-manpage": {
      "flake": false,
      "locked": {
        "narHash": "sha256-QBl3N8oOgvzqoTiCCKWUq9PiBqjywhqvCaYM1g40FQw=",
        "type": "file",
        "url": "https://raw.githubusercontent.com/godotengine/godot/1a2e0b22b6278cef95a528e9101a53f4cb93b548/misc/dist/linux/godot.6"
      },
      "original": {
        "type": "file",
        "url": "https://raw.githubusercontent.com/godotengine/godot/1a2e0b22b6278cef95a528e9101a53f4cb93b548/misc/dist/linux/godot.6"
      }
    },
    "home-manager": {
      "inputs": {
        "nixpkgs": [
          "nixpkgs"
        ]
      },
      "locked": {
        "lastModified": 1749657191,
        "narHash": "sha256-QLilaHuhGxiwhgceDWESj9gFcKIdEp7+9lRqNGpN8S4=",
        "owner": "nix-community",
        "repo": "home-manager",
        "rev": "faeab32528a9360e9577ff4082de2d35c6bbe1ce",
        "type": "github"
      },
      "original": {
        "owner": "nix-community",
        "repo": "home-manager",
        "type": "github"
      }
    },
    "ixx": {
      "inputs": {
        "flake-utils": [
          "nixvim-config",
          "nixvim",
          "nuschtosSearch",
          "flake-utils"
        ],
        "nixpkgs": [
          "nixvim-config",
          "nixvim",
          "nuschtosSearch",
          "nixpkgs"
        ]
      },
      "locked": {
        "lastModified": 1748294338,
        "narHash": "sha256-FVO01jdmUNArzBS7NmaktLdGA5qA3lUMJ4B7a05Iynw=",
        "owner": "NuschtOS",
        "repo": "ixx",
        "rev": "cc5f390f7caf265461d4aab37e98d2292ebbdb85",
        "type": "github"
      },
      "original": {
        "owner": "NuschtOS",
        "ref": "v0.0.8",
        "repo": "ixx",
        "type": "github"
      }
    },
    "nix-alien": {
      "inputs": {
        "flake-compat": "flake-compat",
        "nix-index-database": "nix-index-database",
        "nixpkgs": "nixpkgs"
      },
      "locked": {
        "lastModified": 1747908601,
        "narHash": "sha256-cSzec5IT7Imx9g+Rhpt4GxrLiNF++V+guzYCnWUjhAI=",
        "owner": "thiagokokada",
        "repo": "nix-alien",
        "rev": "798541edff98cfa895941abe35f3e056f319a193",
        "type": "github"
      },
      "original": {
        "owner": "thiagokokada",
        "repo": "nix-alien",
        "type": "github"
      }
    },
    "nix-index-database": {
      "inputs": {
        "nixpkgs": [
          "nix-alien",
          "nixpkgs"
        ]
      },
      "locked": {
        "lastModified": 1746934494,
        "narHash": "sha256-3n6i+F0sDASjkhbvgFDpPDZGp7z19IrRtjfF9TwJpCA=",
        "owner": "nix-community",
        "repo": "nix-index-database",
        "rev": "e9b21b01e4307176b9718a29ac514838e7f6f4ff",
        "type": "github"
      },
      "original": {
        "owner": "nix-community",
        "repo": "nix-index-database",
        "type": "github"
      }
    },
    "nixpkgs": {
      "locked": {
        "lastModified": 1747179050,
        "narHash": "sha256-qhFMmDkeJX9KJwr5H32f1r7Prs7XbQWtO0h3V0a0rFY=",
        "owner": "NixOS",
        "repo": "nixpkgs",
        "rev": "adaa24fbf46737f3f1b5497bf64bae750f82942e",
        "type": "github"
      },
      "original": {
        "owner": "NixOS",
        "ref": "nixos-unstable",
        "repo": "nixpkgs",
        "type": "github"
      }
    },
    "nixpkgs-lib": {
      "locked": {
        "lastModified": 1748740939,
        "narHash": "sha256-rQaysilft1aVMwF14xIdGS3sj1yHlI6oKQNBRTF40cc=",
        "owner": "nix-community",
        "repo": "nixpkgs.lib",
        "rev": "656a64127e9d791a334452c6b6606d17539476e2",
        "type": "github"
      },
      "original": {
        "owner": "nix-community",
        "repo": "nixpkgs.lib",
        "type": "github"
      }
    },
    "nixpkgs_2": {
      "locked": {
        "lastModified": 1749285348,
        "narHash": "sha256-frdhQvPbmDYaScPFiCnfdh3B/Vh81Uuoo0w5TkWmmjU=",
        "owner": "nixos",
        "repo": "nixpkgs",
        "rev": "3e3afe5174c561dee0df6f2c2b2236990146329f",
        "type": "github"
      },
      "original": {
        "owner": "nixos",
        "ref": "nixos-unstable",
        "repo": "nixpkgs",
        "type": "github"
      }
    },
    "nixpkgs_3": {
      "locked": {
        "lastModified": 1749794982,
        "narHash": "sha256-Kh9K4taXbVuaLC0IL+9HcfvxsSUx8dPB5s5weJcc9pc=",
        "owner": "nixos",
        "repo": "nixpkgs",
        "rev": "ee930f9755f58096ac6e8ca94a1887e0534e2d81",
        "type": "github"
      },
      "original": {
        "owner": "nixos",
        "ref": "nixos-unstable",
        "repo": "nixpkgs",
        "type": "github"
      }
    },
    "nixpkgs_4": {
      "locked": {
        "lastModified": 1749903597,
        "narHash": "sha256-jp0D4vzBcRKwNZwfY4BcWHemLGUs4JrS3X9w5k/JYDA=",
        "owner": "NixOS",
        "repo": "nixpkgs",
        "rev": "41da1e3ea8e23e094e5e3eeb1e6b830468a7399e",
        "type": "github"
      },
      "original": {
        "owner": "NixOS",
        "ref": "nixpkgs-unstable",
        "repo": "nixpkgs",
        "type": "github"
      }
    },
    "nixvim": {
      "inputs": {
        "flake-parts": "flake-parts_2",
        "nixpkgs": "nixpkgs_4",
        "nuschtosSearch": "nuschtosSearch",
        "systems": "systems_2"
      },
      "locked": {
        "lastModified": 1750076671,
        "narHash": "sha256-qcbDIBJy5YwUFckLhfzFqrJPxQdROsRUayGeKP8FMgE=",
        "owner": "nix-community",
        "repo": "nixvim",
        "rev": "831b503f114c12b55197547ce1c379f67d0768b6",
        "type": "github"
      },
      "original": {
        "owner": "nix-community",
        "repo": "nixvim",
        "type": "github"
      }
    },
    "nixvim-config": {
      "inputs": {
        "flake-parts": "flake-parts",
        "nixpkgs": "nixpkgs_3",
        "nixvim": "nixvim"
      },
      "locked": {
        "path": "../nixvim",
        "type": "path"
      },
      "original": {
        "path": "../nixvim",
        "type": "path"
      },
      "parent": []
    },
    "nuschtosSearch": {
      "inputs": {
        "flake-utils": "flake-utils",
        "ixx": "ixx",
        "nixpkgs": [
          "nixvim-config",
          "nixvim",
          "nixpkgs"
        ]
      },
      "locked": {
        "lastModified": 1749730855,
        "narHash": "sha256-L3x2nSlFkXkM6tQPLJP3oCBMIsRifhIDPMQQdHO5xWo=",
        "owner": "NuschtOS",
        "repo": "search",
        "rev": "8dfe5879dd009ff4742b668d9c699bc4b9761742",
        "type": "github"
      },
      "original": {
        "owner": "NuschtOS",
        "repo": "search",
        "type": "github"
      }
    },
    "proompt": {
      "inputs": {
        "nixpkgs": [
          "nixpkgs"
        ]
      },
      "locked": {
        "lastModified": 1730330064,
        "narHash": "sha256-l5RvgVzlICsIGnkLPRV99Pg0eMRSgFtnHrP/ny7awkM=",
        "owner": "Zaphodious",
        "repo": "proompt",
        "rev": "2834a9851a7aa29e3c92393655584b63bedff6b4",
        "type": "github"
      },
      "original": {
        "owner": "Zaphodious",
        "repo": "proompt",
        "type": "github"
      }
    },
    "root": {
      "inputs": {
        "godot-bin": "godot-bin",
        "home-manager": "home-manager",
        "nix-alien": "nix-alien",
        "nixpkgs": "nixpkgs_2",
        "nixvim-config": "nixvim-config",
        "proompt": "proompt"
      }
    },
    "systems": {
      "locked": {
        "lastModified": 1681028828,
        "narHash": "sha256-Vy1rq5AaRuLzOxct8nz4T6wlgyUR7zLU309k9mBC768=",
        "owner": "nix-systems",
        "repo": "default",
        "rev": "da67096a3b9bf56a91d16901293e51ba5b49a27e",
        "type": "github"
      },
      "original": {
        "owner": "nix-systems",
        "repo": "default",
        "type": "github"
      }
    },
    "systems_2": {
      "locked": {
        "lastModified": 1681028828,
        "narHash": "sha256-Vy1rq5AaRuLzOxct8nz4T6wlgyUR7zLU309k9mBC768=",
        "owner": "nix-systems",
        "repo": "default",
        "rev": "da67096a3b9bf56a91d16901293e51ba5b49a27e",
        "type": "github"
      },
      "original": {
        "owner": "nix-systems",
        "repo": "default",
        "type": "github"
      }
    }
  },
  "root": "root",
  "version": 7
}
